
Microsoft Visual Studio Solution File, Format Version 12.00
# Visual Studio Version 17
VisualStudioVersion = 17.1.32414.318
MinimumVisualStudioVersion = 10.0.40219.1
Project("{FAE04EC0-301F-11D3-BF4B-00C04F79EFBC}") = "APIClientes", "APIClientes\APIClientes.csproj", "{740C51E8-5EAE-4908-A08C-98E4FC3EB75B}"
EndProject
Global
	GlobalSection(SolutionConfigurationPlatforms) = preSolution
		Debug|Any CPU = Debug|Any CPU
		Release|Any CPU = Release|Any CPU
	EndGlobalSection
	GlobalSection(ProjectConfigurationPlatforms) = postSolution
		{740C51E8-5EAE-4908-A08C-98E4FC3EB75B}.Debug|Any CPU.ActiveCfg = Debug|Any CPU
		{740C51E8-5EAE-4908-A08C-98E4FC3EB75B}.Debug|Any CPU.Build.0 = Debug|Any CPU
		{740C51E8-5EAE-4908-A08C-98E4FC3EB75B}.Release|Any CPU.ActiveCfg = Release|Any CPU
		{740C51E8-5EAE-4908-A08C-98E4FC3EB75B}.Release|Any CPU.Build.0 = Release|Any CPU
	EndGlobalSection
	GlobalSection(SolutionProperties) = preSolution
		HideSolutionNode = FALSE
	EndGlobalSection
	GlobalSection(ExtensibilityGlobals) = postSolution
		SolutionGuid = {91FDA192-E746-4C0A-9526-7846A3B5E51B}
	EndGlobalSection
EndGlobal
